
Microsoft Visual Studio Solution File, Format Version 12.00
# Visual Studio Version 17
VisualStudioVersion = 17.9.34607.119
MinimumVisualStudioVersion = 10.0.40219.1
Project("{FAE04EC0-301F-11D3-BF4B-00C04F79EFBC}") = "showit", "showit\showit.csproj", "{15154A86-16A0-483B-AD6F-3D482914DE9F}"
EndProject
Global
	GlobalSection(SolutionConfigurationPlatforms) = preSolution
		Debug|Any CPU = Debug|Any CPU
		Release|Any CPU = Release|Any CPU
	EndGlobalSection
	GlobalSection(ProjectConfigurationPlatforms) = postSolution
		{15154A86-16A0-483B-AD6F-3D482914DE9F}.Debug|Any CPU.ActiveCfg = Debug|Any CPU
		{15154A86-16A0-483B-AD6F-3D482914DE9F}.Debug|Any CPU.Build.0 = Debug|Any CPU
		{15154A86-16A0-483B-AD6F-3D482914DE9F}.Release|Any CPU.ActiveCfg = Release|Any CPU
		{15154A86-16A0-483B-AD6F-3D482914DE9F}.Release|Any CPU.Build.0 = Release|Any CPU
	EndGlobalSection
	GlobalSection(SolutionProperties) = preSolution
		HideSolutionNode = FALSE
	EndGlobalSection
	GlobalSection(ExtensibilityGlobals) = postSolution
		SolutionGuid = {EB2822FA-255A-4146-B8E4-69128179AAFB}
	EndGlobalSection
EndGlobal
